
Microsoft Visual Studio Solution File, Format Version 12.00
# Visual Studio 2013
VisualStudioVersion = 12.0.30723.0
MinimumVisualStudioVersion = 10.0.40219.1
Project("{FAE04EC0-301F-11D3-BF4B-00C04F79EFBC}") = "ConsoleApplication1", "ConsoleApplication1\ConsoleApplication1.csproj", "{9DE4AA69-7766-4903-AFC0-FF31409095CD}"
EndProject
Project("{FAE04EC0-301F-11D3-BF4B-00C04F79EFBC}") = "ClassLibrary1", "ClassLibrary1\ClassLibrary1.csproj", "{947A3119-BAEF-4095-9A5C-D75BE00A7E12}"
EndProject
Project("{FAE04EC0-301F-11D3-BF4B-00C04F79EFBC}") = "UnitTestProject1", "UnitTestProject1\UnitTestProject1.csproj", "{F42A20DC-A747-4221-A29D-61E9BFBD7934}"
EndProject
Global
	GlobalSection(SolutionConfigurationPlatforms) = preSolution
		Debug|Any CPU = Debug|Any CPU
		Release|Any CPU = Release|Any CPU
	EndGlobalSection
	GlobalSection(ProjectConfigurationPlatforms) = postSolution
		{9DE4AA69-7766-4903-AFC0-FF31409095CD}.Debug|Any CPU.ActiveCfg = Debug|Any CPU
		{9DE4AA69-7766-4903-AFC0-FF31409095CD}.Debug|Any CPU.Build.0 = Debug|Any CPU
		{9DE4AA69-7766-4903-AFC0-FF31409095CD}.Release|Any CPU.ActiveCfg = Release|Any CPU
		{9DE4AA69-7766-4903-AFC0-FF31409095CD}.Release|Any CPU.Build.0 = Release|Any CPU
		{947A3119-BAEF-4095-9A5C-D75BE00A7E12}.Debug|Any CPU.ActiveCfg = Debug|Any CPU
		{947A3119-BAEF-4095-9A5C-D75BE00A7E12}.Debug|Any CPU.Build.0 = Debug|Any CPU
		{947A3119-BAEF-4095-9A5C-D75BE00A7E12}.Release|Any CPU.ActiveCfg = Release|Any CPU
		{947A3119-BAEF-4095-9A5C-D75BE00A7E12}.Release|Any CPU.Build.0 = Release|Any CPU
		{F42A20DC-A747-4221-A29D-61E9BFBD7934}.Debug|Any CPU.ActiveCfg = Debug|Any CPU
		{F42A20DC-A747-4221-A29D-61E9BFBD7934}.Debug|Any CPU.Build.0 = Debug|Any CPU
		{F42A20DC-A747-4221-A29D-61E9BFBD7934}.Release|Any CPU.ActiveCfg = Release|Any CPU
		{F42A20DC-A747-4221-A29D-61E9BFBD7934}.Release|Any CPU.Build.0 = Release|Any CPU
	EndGlobalSection
	GlobalSection(SolutionProperties) = preSolution
		HideSolutionNode = FALSE
	EndGlobalSection
EndGlobal
